
Microsoft Visual Studio Solution File, Format Version 12.00
# Visual Studio Version 17
VisualStudioVersion = 17.9.34728.123
MinimumVisualStudioVersion = 10.0.40219.1
Project("{FAE04EC0-301F-11D3-BF4B-00C04F79EFBC}") = "Oppgave11", "Oppgave11.csproj", "{08C7FABD-2C94-40DC-BFB2-D2A60E4A440B}"
EndProject
Global
	GlobalSection(SolutionConfigurationPlatforms) = preSolution
		Debug|Any CPU = Debug|Any CPU
		Release|Any CPU = Release|Any CPU
	EndGlobalSection
	GlobalSection(ProjectConfigurationPlatforms) = postSolution
		{08C7FABD-2C94-40DC-BFB2-D2A60E4A440B}.Debug|Any CPU.ActiveCfg = Debug|Any CPU
		{08C7FABD-2C94-40DC-BFB2-D2A60E4A440B}.Debug|Any CPU.Build.0 = Debug|Any CPU
		{08C7FABD-2C94-40DC-BFB2-D2A60E4A440B}.Release|Any CPU.ActiveCfg = Release|Any CPU
		{08C7FABD-2C94-40DC-BFB2-D2A60E4A440B}.Release|Any CPU.Build.0 = Release|Any CPU
	EndGlobalSection
	GlobalSection(SolutionProperties) = preSolution
		HideSolutionNode = FALSE
	EndGlobalSection
	GlobalSection(ExtensibilityGlobals) = postSolution
		SolutionGuid = {30700F85-8008-4914-BCE3-679B4B5B335F}
	EndGlobalSection
EndGlobal
