
Microsoft Visual Studio Solution File, Format Version 12.00
# Visual Studio Version 17
VisualStudioVersion = 17.9.34728.123
MinimumVisualStudioVersion = 10.0.40219.1
Project("{FAE04EC0-301F-11D3-BF4B-00C04F79EFBC}") = "Oppgave05", "Oppgave05.csproj", "{FFF1CC14-3E50-4AA7-8A00-8A0442CD94A5}"
EndProject
Global
	GlobalSection(SolutionConfigurationPlatforms) = preSolution
		Debug|Any CPU = Debug|Any CPU
		Release|Any CPU = Release|Any CPU
	EndGlobalSection
	GlobalSection(ProjectConfigurationPlatforms) = postSolution
		{FFF1CC14-3E50-4AA7-8A00-8A0442CD94A5}.Debug|Any CPU.ActiveCfg = Debug|Any CPU
		{FFF1CC14-3E50-4AA7-8A00-8A0442CD94A5}.Debug|Any CPU.Build.0 = Debug|Any CPU
		{FFF1CC14-3E50-4AA7-8A00-8A0442CD94A5}.Release|Any CPU.ActiveCfg = Release|Any CPU
		{FFF1CC14-3E50-4AA7-8A00-8A0442CD94A5}.Release|Any CPU.Build.0 = Release|Any CPU
	EndGlobalSection
	GlobalSection(SolutionProperties) = preSolution
		HideSolutionNode = FALSE
	EndGlobalSection
	GlobalSection(ExtensibilityGlobals) = postSolution
		SolutionGuid = {5A898653-C3FE-42E9-ACB8-D3E70237D1AA}
	EndGlobalSection
EndGlobal
